// !$*UTF8*$!
{
	archiveVersion = 1;
	classes = {
	};
	objectVersion = 55;
	objects = {

/* Begin PBXBuildFile section */
		12C7C188271DE1C700675360 /* cue_pin_selectApp.swift in Sources */ = {isa = PBXBuildFile; fileRef = 12C7C187271DE1C700675360 /* cue_pin_selectApp.swift */; };
		12C7C18A271DE1C700675360 /* CPSView.swift in Sources */ = {isa = PBXBuildFile; fileRef = 12C7C189271DE1C700675360 /* CPSView.swift */; };
		12C7C18C271DE1CB00675360 /* Assets.xcassets in Resources */ = {isa = PBXBuildFile; fileRef = 12C7C18B271DE1CB00675360 /* Assets.xcassets */; };
		12C7C18F271DE1CB00675360 /* Preview Assets.xcassets in Resources */ = {isa = PBXBuildFile; fileRef = 12C7C18E271DE1CB00675360 /* Preview Assets.xcassets */; };
		12C7C196271DE5CF00675360 /* CPS.swift in Sources */ = {isa = PBXBuildFile; fileRef = 12C7C195271DE5CF00675360 /* CPS.swift */; };
		12C7C198271DE6A600675360 /* dataModel.swift in Sources */ = {isa = PBXBuildFile; fileRef = 12C7C197271DE6A600675360 /* dataModel.swift */; };
		12C7C19C271F3C9B00675360 /* IterationView.swift in Sources */ = {isa = PBXBuildFile; fileRef = 12C7C19B271F3C9B00675360 /* IterationView.swift */; };
		12C7C19E271F4BD300675360 /* ResultView.swift in Sources */ = {isa = PBXBuildFile; fileRef = 12C7C19D271F4BD300675360 /* ResultView.swift */; };
		12C7C1A0271F6A3400675360 /* AboutView.swift in Sources */ = {isa = PBXBuildFile; fileRef = 12C7C19F271F6A3400675360 /* AboutView.swift */; };
		12C7C1A22720693C00675360 /* Utils.swift in Sources */ = {isa = PBXBuildFile; fileRef = 12C7C1A12720693B00675360 /* Utils.swift */; };
/* End PBXBuildFile section */

/* Begin PBXFileReference section */
		12C7C184271DE1C700675360 /* cue-pin-select.app */ = {isa = PBXFileReference; explicitFileType = wrapper.application; includeInIndex = 0; path = "cue-pin-select.app"; sourceTree = BUILT_PRODUCTS_DIR; };
		12C7C187271DE1C700675360 /* cue_pin_selectApp.swift */ = {isa = PBXFileReference; lastKnownFileType = sourcecode.swift; path = cue_pin_selectApp.swift; sourceTree = "<group>"; };
		12C7C189271DE1C700675360 /* CPSView.swift */ = {isa = PBXFileReference; lastKnownFileType = sourcecode.swift; path = CPSView.swift; sourceTree = "<group>"; };
		12C7C18B271DE1CB00675360 /* Assets.xcassets */ = {isa = PBXFileReference; lastKnownFileType = folder.assetcatalog; path = Assets.xcassets; sourceTree = "<group>"; };
		12C7C18E271DE1CB00675360 /* Preview Assets.xcassets */ = {isa = PBXFileReference; lastKnownFileType = folder.assetcatalog; path = "Preview Assets.xcassets"; sourceTree = "<group>"; };
		12C7C195271DE5CF00675360 /* CPS.swift */ = {isa = PBXFileReference; lastKnownFileType = sourcecode.swift; path = CPS.swift; sourceTree = "<group>"; };
		12C7C197271DE6A600675360 /* dataModel.swift */ = {isa = PBXFileReference; lastKnownFileType = sourcecode.swift; path = dataModel.swift; sourceTree = "<group>"; };
		12C7C19B271F3C9B00675360 /* IterationView.swift */ = {isa = PBXFileReference; lastKnownFileType = sourcecode.swift; path = IterationView.swift; sourceTree = SOURCE_ROOT; };
		12C7C19D271F4BD300675360 /* ResultView.swift */ = {isa = PBXFileReference; lastKnownFileType = sourcecode.swift; path = ResultView.swift; sourceTree = SOURCE_ROOT; };
		12C7C19F271F6A3400675360 /* AboutView.swift */ = {isa = PBXFileReference; lastKnownFileType = sourcecode.swift; path = AboutView.swift; sourceTree = "<group>"; };
		12C7C1A12720693B00675360 /* Utils.swift */ = {isa = PBXFileReference; lastKnownFileType = sourcecode.swift; path = Utils.swift; sourceTree = "<group>"; };
/* End PBXFileReference section */

/* Begin PBXFrameworksBuildPhase section */
		12C7C181271DE1C700675360 /* Frameworks */ = {
			isa = PBXFrameworksBuildPhase;
			buildActionMask = 2147483647;
			files = (
			);
			runOnlyForDeploymentPostprocessing = 0;
		};
/* End PBXFrameworksBuildPhase section */

/* Begin PBXGroup section */
		12C7C17B271DE1C700675360 = {
			isa = PBXGroup;
			children = (
				12C7C186271DE1C700675360 /* cue-pin-select */,
				12C7C185271DE1C700675360 /* Products */,
			);
			sourceTree = "<group>";
		};
		12C7C185271DE1C700675360 /* Products */ = {
			isa = PBXGroup;
			children = (
				12C7C184271DE1C700675360 /* cue-pin-select.app */,
			);
			name = Products;
			sourceTree = "<group>";
		};
		12C7C186271DE1C700675360 /* cue-pin-select */ = {
			isa = PBXGroup;
			children = (
				12C7C19D271F4BD300675360 /* ResultView.swift */,
				12C7C1A12720693B00675360 /* Utils.swift */,
				12C7C19B271F3C9B00675360 /* IterationView.swift */,
				12C7C187271DE1C700675360 /* cue_pin_selectApp.swift */,
				12C7C189271DE1C700675360 /* CPSView.swift */,
				12C7C19F271F6A3400675360 /* AboutView.swift */,
				12C7C195271DE5CF00675360 /* CPS.swift */,
				12C7C197271DE6A600675360 /* dataModel.swift */,
				12C7C18B271DE1CB00675360 /* Assets.xcassets */,
				12C7C18D271DE1CB00675360 /* Preview Content */,
			);
			path = "cue-pin-select";
			sourceTree = "<group>";
		};
		12C7C18D271DE1CB00675360 /* Preview Content */ = {
			isa = PBXGroup;
			children = (
				12C7C18E271DE1CB00675360 /* Preview Assets.xcassets */,
			);
			path = "Preview Content";
			sourceTree = "<group>";
		};
/* End PBXGroup section */

/* Begin PBXNativeTarget section */
		12C7C183271DE1C700675360 /* cue-pin-select */ = {
			isa = PBXNativeTarget;
			buildConfigurationList = 12C7C192271DE1CB00675360 /* Build configuration list for PBXNativeTarget "cue-pin-select" */;
			buildPhases = (
				12C7C180271DE1C700675360 /* Sources */,
				12C7C181271DE1C700675360 /* Frameworks */,
				12C7C182271DE1C700675360 /* Resources */,
			);
			buildRules = (
			);
			dependencies = (
			);
			name = "cue-pin-select";
			productName = "cue-pin-select";
			productReference = 12C7C184271DE1C700675360 /* cue-pin-select.app */;
			productType = "com.apple.product-type.application";
		};
/* End PBXNativeTarget section */

/* Begin PBXProject section */
		12C7C17C271DE1C700675360 /* Project object */ = {
			isa = PBXProject;
			attributes = {
				BuildIndependentTargetsInParallel = 1;
				LastSwiftUpdateCheck = 1300;
				LastUpgradeCheck = 1300;
				TargetAttributes = {
					12C7C183271DE1C700675360 = {
						CreatedOnToolsVersion = 13.0;
					};
				};
			};
			buildConfigurationList = 12C7C17F271DE1C700675360 /* Build configuration list for PBXProject "cue-pin-select" */;
			compatibilityVersion = "Xcode 13.0";
			developmentRegion = en;
			hasScannedForEncodings = 0;
			knownRegions = (
				en,
				Base,
			);
			mainGroup = 12C7C17B271DE1C700675360;
			productRefGroup = 12C7C185271DE1C700675360 /* Products */;
			projectDirPath = "";
			projectRoot = "";
			targets = (
				12C7C183271DE1C700675360 /* cue-pin-select */,
			);
		};
/* End PBXProject section */

/* Begin PBXResourcesBuildPhase section */
		12C7C182271DE1C700675360 /* Resources */ = {
			isa = PBXResourcesBuildPhase;
			buildActionMask = 2147483647;
			files = (
				12C7C18F271DE1CB00675360 /* Preview Assets.xcassets in Resources */,
				12C7C18C271DE1CB00675360 /* Assets.xcassets in Resources */,
			);
			runOnlyForDeploymentPostprocessing = 0;
		};
/* End PBXResourcesBuildPhase section */

/* Begin PBXSourcesBuildPhase section */
		12C7C180271DE1C700675360 /* Sources */ = {
			isa = PBXSourcesBuildPhase;
			buildActionMask = 2147483647;
			files = (
				12C7C19C271F3C9B00675360 /* IterationView.swift in Sources */,
				12C7C1A0271F6A3400675360 /* AboutView.swift in Sources */,
				12C7C18A271DE1C700675360 /* CPSView.swift in Sources */,
				12C7C198271DE6A600675360 /* dataModel.swift in Sources */,
				12C7C188271DE1C700675360 /* cue_pin_selectApp.swift in Sources */,
				12C7C196271DE5CF00675360 /* CPS.swift in Sources */,
				12C7C19E271F4BD300675360 /* ResultView.swift in Sources */,
				12C7C1A22720693C00675360 /* Utils.swift in Sources */,
			);
			runOnlyForDeploymentPostprocessing = 0;
		};
/* End PBXSourcesBuildPhase section */

/* Begin XCBuildConfiguration section */
		12C7C190271DE1CB00675360 /* Debug */ = {
			isa = XCBuildConfiguration;
			buildSettings = {
				ALWAYS_SEARCH_USER_PATHS = NO;
				CLANG_ANALYZER_NONNULL = YES;
				CLANG_ANALYZER_NUMBER_OBJECT_CONVERSION = YES_AGGRESSIVE;
				CLANG_CXX_LANGUAGE_STANDARD = "gnu++17";
				CLANG_CXX_LIBRARY = "libc++";
				CLANG_ENABLE_MODULES = YES;
				CLANG_ENABLE_OBJC_ARC = YES;
				CLANG_ENABLE_OBJC_WEAK = YES;
				CLANG_WARN_BLOCK_CAPTURE_AUTORELEASING = YES;
				CLANG_WARN_BOOL_CONVERSION = YES;
				CLANG_WARN_COMMA = YES;
				CLANG_WARN_CONSTANT_CONVERSION = YES;
				CLANG_WARN_DEPRECATED_OBJC_IMPLEMENTATIONS = YES;
				CLANG_WARN_DIRECT_OBJC_ISA_USAGE = YES_ERROR;
				CLANG_WARN_DOCUMENTATION_COMMENTS = YES;
				CLANG_WARN_EMPTY_BODY = YES;
				CLANG_WARN_ENUM_CONVERSION = YES;
				CLANG_WARN_INFINITE_RECURSION = YES;
				CLANG_WARN_INT_CONVERSION = YES;
				CLANG_WARN_NON_LITERAL_NULL_CONVERSION = YES;
				CLANG_WARN_OBJC_IMPLICIT_RETAIN_SELF = YES;
				CLANG_WARN_OBJC_LITERAL_CONVERSION = YES;
				CLANG_WARN_OBJC_ROOT_CLASS = YES_ERROR;
				CLANG_WARN_QUOTED_INCLUDE_IN_FRAMEWORK_HEADER = YES;
				CLANG_WARN_RANGE_LOOP_ANALYSIS = YES;
				CLANG_WARN_STRICT_PROTOTYPES = YES;
				CLANG_WARN_SUSPICIOUS_MOVE = YES;
				CLANG_WARN_UNGUARDED_AVAILABILITY = YES_AGGRESSIVE;
				CLANG_WARN_UNREACHABLE_CODE = YES;
				CLANG_WARN__DUPLICATE_METHOD_MATCH = YES;
				COPY_PHASE_STRIP = NO;
				DEBUG_INFORMATION_FORMAT = dwarf;
				ENABLE_STRICT_OBJC_MSGSEND = YES;
				ENABLE_TESTABILITY = YES;
				GCC_C_LANGUAGE_STANDARD = gnu11;
				GCC_DYNAMIC_NO_PIC = NO;
				GCC_NO_COMMON_BLOCKS = YES;
				GCC_OPTIMIZATION_LEVEL = 0;
				GCC_PREPROCESSOR_DEFINITIONS = (
					"DEBUG=1",
					"$(inherited)",
				);
				GCC_WARN_64_TO_32_BIT_CONVERSION = YES;
				GCC_WARN_ABOUT_RETURN_TYPE = YES_ERROR;
				GCC_WARN_UNDECLARED_SELECTOR = YES;
				GCC_WARN_UNINITIALIZED_AUTOS = YES_AGGRESSIVE;
				GCC_WARN_UNUSED_FUNCTION = YES;
				GCC_WARN_UNUSED_VARIABLE = YES;
				IPHONEOS_DEPLOYMENT_TARGET = 15.0;
				MTL_ENABLE_DEBUG_INFO = INCLUDE_SOURCE;
				MTL_FAST_MATH = YES;
				ONLY_ACTIVE_ARCH = YES;
				SDKROOT = iphoneos;
				SWIFT_ACTIVE_COMPILATION_CONDITIONS = DEBUG;
				SWIFT_OPTIMIZATION_LEVEL = "-Onone";
			};
			name = Debug;
		};
		12C7C191271DE1CB00675360 /* Release */ = {
			isa = XCBuildConfiguration;
			buildSettings = {
				ALWAYS_SEARCH_USER_PATHS = NO;
				CLANG_ANALYZER_NONNULL = YES;
				CLANG_ANALYZER_NUMBER_OBJECT_CONVERSION = YES_AGGRESSIVE;
				CLANG_CXX_LANGUAGE_STANDARD = "gnu++17";
				CLANG_CXX_LIBRARY = "libc++";
				CLANG_ENABLE_MODULES = YES;
				CLANG_ENABLE_OBJC_ARC = YES;
				CLANG_ENABLE_OBJC_WEAK = YES;
				CLANG_WARN_BLOCK_CAPTURE_AUTORELEASING = YES;
				CLANG_WARN_BOOL_CONVERSION = YES;
				CLANG_WARN_COMMA = YES;
				CLANG_WARN_CONSTANT_CONVERSION = YES;
				CLANG_WARN_DEPRECATED_OBJC_IMPLEMENTATIONS = YES;
				CLANG_WARN_DIRECT_OBJC_ISA_USAGE = YES_ERROR;
				CLANG_WARN_DOCUMENTATION_COMMENTS = YES;
				CLANG_WARN_EMPTY_BODY = YES;
				CLANG_WARN_ENUM_CONVERSION = YES;
				CLANG_WARN_INFINITE_RECURSION = YES;
				CLANG_WARN_INT_CONVERSION = YES;
				CLANG_WARN_NON_LITERAL_NULL_CONVERSION = YES;
				CLANG_WARN_OBJC_IMPLICIT_RETAIN_SELF = YES;
				CLANG_WARN_OBJC_LITERAL_CONVERSION = YES;
				CLANG_WARN_OBJC_ROOT_CLASS = YES_ERROR;
				CLANG_WARN_QUOTED_INCLUDE_IN_FRAMEWORK_HEADER = YES;
				CLANG_WARN_RANGE_LOOP_ANALYSIS = YES;
				CLANG_WARN_STRICT_PROTOTYPES = YES;
				CLANG_WARN_SUSPICIOUS_MOVE = YES;
				CLANG_WARN_UNGUARDED_AVAILABILITY = YES_AGGRESSIVE;
				CLANG_WARN_UNREACHABLE_CODE = YES;
				CLANG_WARN__DUPLICATE_METHOD_MATCH = YES;
				COPY_PHASE_STRIP = NO;
				DEBUG_INFORMATION_FORMAT = "dwarf-with-dsym";
				ENABLE_NS_ASSERTIONS = NO;
				ENABLE_STRICT_OBJC_MSGSEND = YES;
				GCC_C_LANGUAGE_STANDARD = gnu11;
				GCC_NO_COMMON_BLOCKS = YES;
				GCC_WARN_64_TO_32_BIT_CONVERSION = YES;
				GCC_WARN_ABOUT_RETURN_TYPE = YES_ERROR;
				GCC_WARN_UNDECLARED_SELECTOR = YES;
				GCC_WARN_UNINITIALIZED_AUTOS = YES_AGGRESSIVE;
				GCC_WARN_UNUSED_FUNCTION = YES;
				GCC_WARN_UNUSED_VARIABLE = YES;
				IPHONEOS_DEPLOYMENT_TARGET = 15.0;
				MTL_ENABLE_DEBUG_INFO = NO;
				MTL_FAST_MATH = YES;
				SDKROOT = iphoneos;
				SWIFT_COMPILATION_MODE = wholemodule;
				SWIFT_OPTIMIZATION_LEVEL = "-O";
				VALIDATE_PRODUCT = YES;
			};
			name = Release;
		};
		12C7C193271DE1CB00675360 /* Debug */ = {
			isa = XCBuildConfiguration;
			buildSettings = {
				ASSETCATALOG_COMPILER_APPICON_NAME = AppIcon;
				ASSETCATALOG_COMPILER_GLOBAL_ACCENT_COLOR_NAME = AccentColor;
				CODE_SIGN_STYLE = Automatic;
				CURRENT_PROJECT_VERSION = 1;
				DEVELOPMENT_ASSET_PATHS = "\"cue-pin-select/Preview Content\"";
				DEVELOPMENT_TEAM = P4DB92MDN9;
				ENABLE_PREVIEWS = YES;
				GENERATE_INFOPLIST_FILE = YES;
				INFOPLIST_KEY_UIApplicationSceneManifest_Generation = YES;
				INFOPLIST_KEY_UIApplicationSupportsIndirectInputEvents = YES;
				INFOPLIST_KEY_UILaunchScreen_Generation = YES;
				INFOPLIST_KEY_UISupportedInterfaceOrientations_iPad = "UIInterfaceOrientationPortrait UIInterfaceOrientationPortraitUpsideDown UIInterfaceOrientationLandscapeLeft UIInterfaceOrientationLandscapeRight";
				INFOPLIST_KEY_UISupportedInterfaceOrientations_iPhone = "UIInterfaceOrientationPortrait UIInterfaceOrientationLandscapeLeft UIInterfaceOrientationLandscapeRight";
				IPHONEOS_DEPLOYMENT_TARGET = 14.0;
				LD_RUNPATH_SEARCH_PATHS = (
					"$(inherited)",
					"@executable_path/Frameworks",
				);
				MARKETING_VERSION = 1.0;
				PRODUCT_BUNDLE_IDENTIFIER = "com.gmail.crowdsourcingcollege.cue-pin-select";
				PRODUCT_NAME = "$(TARGET_NAME)";
				SWIFT_EMIT_LOC_STRINGS = YES;
				SWIFT_VERSION = 5.0;
				TARGETED_DEVICE_FAMILY = "1,2";
			};
			name = Debug;
		};
		12C7C194271DE1CB00675360 /* Release */ = {
			isa = XCBuildConfiguration;
			buildSettings = {
				ASSETCATALOG_COMPILER_APPICON_NAME = AppIcon;
				ASSETCATALOG_COMPILER_GLOBAL_ACCENT_COLOR_NAME = AccentColor;
				CODE_SIGN_STYLE = Automatic;
				CURRENT_PROJECT_VERSION = 1;
				DEVELOPMENT_ASSET_PATHS = "\"cue-pin-select/Preview Content\"";
				DEVELOPMENT_TEAM = P4DB92MDN9;
				ENABLE_PREVIEWS = YES;
				GENERATE_INFOPLIST_FILE = YES;
				INFOPLIST_KEY_UIApplicationSceneManifest_Generation = YES;
				INFOPLIST_KEY_UIApplicationSupportsIndirectInputEvents = YES;
				INFOPLIST_KEY_UILaunchScreen_Generation = YES;
				INFOPLIST_KEY_UISupportedInterfaceOrientations_iPad = "UIInterfaceOrientationPortrait UIInterfaceOrientationPortraitUpsideDown UIInterfaceOrientationLandscapeLeft UIInterfaceOrientationLandscapeRight";
				INFOPLIST_KEY_UISupportedInterfaceOrientations_iPhone = "UIInterfaceOrientationPortrait UIInterfaceOrientationLandscapeLeft UIInterfaceOrientationLandscapeRight";
				IPHONEOS_DEPLOYMENT_TARGET = 14.0;
				LD_RUNPATH_SEARCH_PATHS = (
					"$(inherited)",
					"@executable_path/Frameworks",
				);
				MARKETING_VERSION = 1.0;
				PRODUCT_BUNDLE_IDENTIFIER = "com.gmail.crowdsourcingcollege.cue-pin-select";
				PRODUCT_NAME = "$(TARGET_NAME)";
				SWIFT_EMIT_LOC_STRINGS = YES;
				SWIFT_VERSION = 5.0;
				TARGETED_DEVICE_FAMILY = "1,2";
			};
			name = Release;
		};
/* End XCBuildConfiguration section */

/* Begin XCConfigurationList section */
		12C7C17F271DE1C700675360 /* Build configuration list for PBXProject "cue-pin-select" */ = {
			isa = XCConfigurationList;
			buildConfigurations = (
				12C7C190271DE1CB00675360 /* Debug */,
				12C7C191271DE1CB00675360 /* Release */,
			);
			defaultConfigurationIsVisible = 0;
			defaultConfigurationName = Release;
		};
		12C7C192271DE1CB00675360 /* Build configuration list for PBXNativeTarget "cue-pin-select" */ = {
			isa = XCConfigurationList;
			buildConfigurations = (
				12C7C193271DE1CB00675360 /* Debug */,
				12C7C194271DE1CB00675360 /* Release */,
			);
			defaultConfigurationIsVisible = 0;
			defaultConfigurationName = Release;
		};
/* End XCConfigurationList section */
	};
	rootObject = 12C7C17C271DE1C700675360 /* Project object */;
}
